// !$*UTF8*$!
{
	archiveVersion = 1;
	classes = {
	};
	objectVersion = 50;
	objects = {

/* Begin PBXBuildFile section */
		01CAABC6260BD6F800F44E79 /* AppDelegate.swift in Sources */ = {isa = PBXBuildFile; fileRef = 01CAABC5260BD6F800F44E79 /* AppDelegate.swift */; };
		01CAABC8260BD6F800F44E79 /* SceneDelegate.swift in Sources */ = {isa = PBXBuildFile; fileRef = 01CAABC7260BD6F800F44E79 /* SceneDelegate.swift */; };
		01CAABCA260BD6F800F44E79 /* ViewController.swift in Sources */ = {isa = PBXBuildFile; fileRef = 01CAABC9260BD6F800F44E79 /* ViewController.swift */; };
		01CAABCD260BD6F800F44E79 /* Main.storyboard in Resources */ = {isa = PBXBuildFile; fileRef = 01CAABCB260BD6F800F44E79 /* Main.storyboard */; };
		01CAABCF260BD6FA00F44E79 /* Assets.xcassets in Resources */ = {isa = PBXBuildFile; fileRef = 01CAABCE260BD6FA00F44E79 /* Assets.xcassets */; };
		01CAABD2260BD6FA00F44E79 /* LaunchScreen.storyboard in Resources */ = {isa = PBXBuildFile; fileRef = 01CAABD0260BD6FA00F44E79 /* LaunchScreen.storyboard */; };
		01CAABDB260BD7BC00F44E79 /* Constans.swift in Sources */ = {isa = PBXBuildFile; fileRef = 01CAABDA260BD7BC00F44E79 /* Constans.swift */; };
		01CAABDE260BD7C400F44E79 /* StocksCell.swift in Sources */ = {isa = PBXBuildFile; fileRef = 01CAABDD260BD7C400F44E79 /* StocksCell.swift */; };
		01CAABE1260BD7CA00F44E79 /* NetworkStocksData.swift in Sources */ = {isa = PBXBuildFile; fileRef = 01CAABE0260BD7CA00F44E79 /* NetworkStocksData.swift */; };
/* End PBXBuildFile section */

/* Begin PBXFileReference section */
		01CAABC2260BD6F800F44E79 /* StockMarket.app */ = {isa = PBXFileReference; explicitFileType = wrapper.application; includeInIndex = 0; path = StockMarket.app; sourceTree = BUILT_PRODUCTS_DIR; };
		01CAABC5260BD6F800F44E79 /* AppDelegate.swift */ = {isa = PBXFileReference; lastKnownFileType = sourcecode.swift; path = AppDelegate.swift; sourceTree = "<group>"; };
		01CAABC7260BD6F800F44E79 /* SceneDelegate.swift */ = {isa = PBXFileReference; lastKnownFileType = sourcecode.swift; path = SceneDelegate.swift; sourceTree = "<group>"; };
		01CAABC9260BD6F800F44E79 /* ViewController.swift */ = {isa = PBXFileReference; lastKnownFileType = sourcecode.swift; path = ViewController.swift; sourceTree = "<group>"; };
		01CAABCC260BD6F800F44E79 /* Base */ = {isa = PBXFileReference; lastKnownFileType = file.storyboard; name = Base; path = Base.lproj/Main.storyboard; sourceTree = "<group>"; };
		01CAABCE260BD6FA00F44E79 /* Assets.xcassets */ = {isa = PBXFileReference; lastKnownFileType = folder.assetcatalog; path = Assets.xcassets; sourceTree = "<group>"; };
		01CAABD1260BD6FA00F44E79 /* Base */ = {isa = PBXFileReference; lastKnownFileType = file.storyboard; name = Base; path = Base.lproj/LaunchScreen.storyboard; sourceTree = "<group>"; };
		01CAABD3260BD6FA00F44E79 /* Info.plist */ = {isa = PBXFileReference; lastKnownFileType = text.plist.xml; path = Info.plist; sourceTree = "<group>"; };
		01CAABDA260BD7BC00F44E79 /* Constans.swift */ = {isa = PBXFileReference; fileEncoding = 4; lastKnownFileType = sourcecode.swift; path = Constans.swift; sourceTree = "<group>"; };
		01CAABDD260BD7C400F44E79 /* StocksCell.swift */ = {isa = PBXFileReference; fileEncoding = 4; lastKnownFileType = sourcecode.swift; path = StocksCell.swift; sourceTree = "<group>"; };
		01CAABE0260BD7CA00F44E79 /* NetworkStocksData.swift */ = {isa = PBXFileReference; fileEncoding = 4; lastKnownFileType = sourcecode.swift; path = NetworkStocksData.swift; sourceTree = "<group>"; };
/* End PBXFileReference section */

/* Begin PBXFrameworksBuildPhase section */
		01CAABBF260BD6F800F44E79 /* Frameworks */ = {
			isa = PBXFrameworksBuildPhase;
			buildActionMask = 2147483647;
			files = (
			);
			runOnlyForDeploymentPostprocessing = 0;
		};
/* End PBXFrameworksBuildPhase section */

/* Begin PBXGroup section */
		01CAABB9260BD6F800F44E79 = {
			isa = PBXGroup;
			children = (
				01CAABC4260BD6F800F44E79 /* StockMarket */,
				01CAABC3260BD6F800F44E79 /* Products */,
			);
			sourceTree = "<group>";
		};
		01CAABC3260BD6F800F44E79 /* Products */ = {
			isa = PBXGroup;
			children = (
				01CAABC2260BD6F800F44E79 /* StockMarket.app */,
			);
			name = Products;
			sourceTree = "<group>";
		};
		01CAABC4260BD6F800F44E79 /* StockMarket */ = {
			isa = PBXGroup;
			children = (
				01CAABC5260BD6F800F44E79 /* AppDelegate.swift */,
				01CAABC7260BD6F800F44E79 /* SceneDelegate.swift */,
				01CAABC9260BD6F800F44E79 /* ViewController.swift */,
				01CAABCB260BD6F800F44E79 /* Main.storyboard */,
				01CAABCE260BD6FA00F44E79 /* Assets.xcassets */,
				01CAABD0260BD6FA00F44E79 /* LaunchScreen.storyboard */,
				01CAABD3260BD6FA00F44E79 /* Info.plist */,
				01CAABDA260BD7BC00F44E79 /* Constans.swift */,
				01CAABE0260BD7CA00F44E79 /* NetworkStocksData.swift */,
				01CAABDD260BD7C400F44E79 /* StocksCell.swift */,
			);
			path = StockMarket;
			sourceTree = "<group>";
		};
/* End PBXGroup section */

/* Begin PBXNativeTarget section */
		01CAABC1260BD6F800F44E79 /* StockMarket */ = {
			isa = PBXNativeTarget;
			buildConfigurationList = 01CAABD6260BD6FA00F44E79 /* Build configuration list for PBXNativeTarget "StockMarket" */;
			buildPhases = (
				01CAABBE260BD6F800F44E79 /* Sources */,
				01CAABBF260BD6F800F44E79 /* Frameworks */,
				01CAABC0260BD6F800F44E79 /* Resources */,
			);
			buildRules = (
			);
			dependencies = (
			);
			name = StockMarket;
			productName = StockMarket;
			productReference = 01CAABC2260BD6F800F44E79 /* StockMarket.app */;
			productType = "com.apple.product-type.application";
		};
/* End PBXNativeTarget section */

/* Begin PBXProject section */
		01CAABBA260BD6F800F44E79 /* Project object */ = {
			isa = PBXProject;
			attributes = {
				LastSwiftUpdateCheck = 1240;
				LastUpgradeCheck = 1240;
				TargetAttributes = {
					01CAABC1260BD6F800F44E79 = {
						CreatedOnToolsVersion = 12.4;
					};
				};
			};
			buildConfigurationList = 01CAABBD260BD6F800F44E79 /* Build configuration list for PBXProject "StockMarket" */;
			compatibilityVersion = "Xcode 9.3";
			developmentRegion = en;
			hasScannedForEncodings = 0;
			knownRegions = (
				en,
				Base,
			);
			mainGroup = 01CAABB9260BD6F800F44E79;
			productRefGroup = 01CAABC3260BD6F800F44E79 /* Products */;
			projectDirPath = "";
			projectRoot = "";
			targets = (
				01CAABC1260BD6F800F44E79 /* StockMarket */,
			);
		};
/* End PBXProject section */

/* Begin PBXResourcesBuildPhase section */
		01CAABC0260BD6F800F44E79 /* Resources */ = {
			isa = PBXResourcesBuildPhase;
			buildActionMask = 2147483647;
			files = (
				01CAABD2260BD6FA00F44E79 /* LaunchScreen.storyboard in Resources */,
				01CAABCF260BD6FA00F44E79 /* Assets.xcassets in Resources */,
				01CAABCD260BD6F800F44E79 /* Main.storyboard in Resources */,
			);
			runOnlyForDeploymentPostprocessing = 0;
		};
/* End PBXResourcesBuildPhase section */

/* Begin PBXSourcesBuildPhase section */
		01CAABBE260BD6F800F44E79 /* Sources */ = {
			isa = PBXSourcesBuildPhase;
			buildActionMask = 2147483647;
			files = (
				01CAABDE260BD7C400F44E79 /* StocksCell.swift in Sources */,
				01CAABCA260BD6F800F44E79 /* ViewController.swift in Sources */,
				01CAABC6260BD6F800F44E79 /* AppDelegate.swift in Sources */,
				01CAABE1260BD7CA00F44E79 /* NetworkStocksData.swift in Sources */,
				01CAABDB260BD7BC00F44E79 /* Constans.swift in Sources */,
				01CAABC8260BD6F800F44E79 /* SceneDelegate.swift in Sources */,
			);
			runOnlyForDeploymentPostprocessing = 0;
		};
/* End PBXSourcesBuildPhase section */

/* Begin PBXVariantGroup section */
		01CAABCB260BD6F800F44E79 /* Main.storyboard */ = {
			isa = PBXVariantGroup;
			children = (
				01CAABCC260BD6F800F44E79 /* Base */,
			);
			name = Main.storyboard;
			sourceTree = "<group>";
		};
		01CAABD0260BD6FA00F44E79 /* LaunchScreen.storyboard */ = {
			isa = PBXVariantGroup;
			children = (
				01CAABD1260BD6FA00F44E79 /* Base */,
			);
			name = LaunchScreen.storyboard;
			sourceTree = "<group>";
		};
/* End PBXVariantGroup section */

/* Begin XCBuildConfiguration section */
		01CAABD4260BD6FA00F44E79 /* Debug */ = {
			isa = XCBuildConfiguration;
			buildSettings = {
				ALWAYS_SEARCH_USER_PATHS = NO;
				CLANG_ANALYZER_NONNULL = YES;
				CLANG_ANALYZER_NUMBER_OBJECT_CONVERSION = YES_AGGRESSIVE;
				CLANG_CXX_LANGUAGE_STANDARD = "gnu++14";
				CLANG_CXX_LIBRARY = "libc++";
				CLANG_ENABLE_MODULES = YES;
				CLANG_ENABLE_OBJC_ARC = YES;
				CLANG_ENABLE_OBJC_WEAK = YES;
				CLANG_WARN_BLOCK_CAPTURE_AUTORELEASING = YES;
				CLANG_WARN_BOOL_CONVERSION = YES;
				CLANG_WARN_COMMA = YES;
				CLANG_WARN_CONSTANT_CONVERSION = YES;
				CLANG_WARN_DEPRECATED_OBJC_IMPLEMENTATIONS = YES;
				CLANG_WARN_DIRECT_OBJC_ISA_USAGE = YES_ERROR;
				CLANG_WARN_DOCUMENTATION_COMMENTS = YES;
				CLANG_WARN_EMPTY_BODY = YES;
				CLANG_WARN_ENUM_CONVERSION = YES;
				CLANG_WARN_INFINITE_RECURSION = YES;
				CLANG_WARN_INT_CONVERSION = YES;
				CLANG_WARN_NON_LITERAL_NULL_CONVERSION = YES;
				CLANG_WARN_OBJC_IMPLICIT_RETAIN_SELF = YES;
				CLANG_WARN_OBJC_LITERAL_CONVERSION = YES;
				CLANG_WARN_OBJC_ROOT_CLASS = YES_ERROR;
				CLANG_WARN_QUOTED_INCLUDE_IN_FRAMEWORK_HEADER = YES;
				CLANG_WARN_RANGE_LOOP_ANALYSIS = YES;
				CLANG_WARN_STRICT_PROTOTYPES = YES;
				CLANG_WARN_SUSPICIOUS_MOVE = YES;
				CLANG_WARN_UNGUARDED_AVAILABILITY = YES_AGGRESSIVE;
				CLANG_WARN_UNREACHABLE_CODE = YES;
				CLANG_WARN__DUPLICATE_METHOD_MATCH = YES;
				COPY_PHASE_STRIP = NO;
				DEBUG_INFORMATION_FORMAT = dwarf;
				ENABLE_STRICT_OBJC_MSGSEND = YES;
				ENABLE_TESTABILITY = YES;
				GCC_C_LANGUAGE_STANDARD = gnu11;
				GCC_DYNAMIC_NO_PIC = NO;
				GCC_NO_COMMON_BLOCKS = YES;
				GCC_OPTIMIZATION_LEVEL = 0;
				GCC_PREPROCESSOR_DEFINITIONS = (
					"DEBUG=1",
					"$(inherited)",
				);
				GCC_WARN_64_TO_32_BIT_CONVERSION = YES;
				GCC_WARN_ABOUT_RETURN_TYPE = YES_ERROR;
				GCC_WARN_UNDECLARED_SELECTOR = YES;
				GCC_WARN_UNINITIALIZED_AUTOS = YES_AGGRESSIVE;
				GCC_WARN_UNUSED_FUNCTION = YES;
				GCC_WARN_UNUSED_VARIABLE = YES;
				IPHONEOS_DEPLOYMENT_TARGET = 14.4;
				MTL_ENABLE_DEBUG_INFO = INCLUDE_SOURCE;
				MTL_FAST_MATH = YES;
				ONLY_ACTIVE_ARCH = YES;
				SDKROOT = iphoneos;
				SWIFT_ACTIVE_COMPILATION_CONDITIONS = DEBUG;
				SWIFT_OPTIMIZATION_LEVEL = "-Onone";
			};
			name = Debug;
		};
		01CAABD5260BD6FA00F44E79 /* Release */ = {
			isa = XCBuildConfiguration;
			buildSettings = {
				ALWAYS_SEARCH_USER_PATHS = NO;
				CLANG_ANALYZER_NONNULL = YES;
				CLANG_ANALYZER_NUMBER_OBJECT_CONVERSION = YES_AGGRESSIVE;
				CLANG_CXX_LANGUAGE_STANDARD = "gnu++14";
				CLANG_CXX_LIBRARY = "libc++";
				CLANG_ENABLE_MODULES = YES;
				CLANG_ENABLE_OBJC_ARC = YES;
				CLANG_ENABLE_OBJC_WEAK = YES;
				CLANG_WARN_BLOCK_CAPTURE_AUTORELEASING = YES;
				CLANG_WARN_BOOL_CONVERSION = YES;
				CLANG_WARN_COMMA = YES;
				CLANG_WARN_CONSTANT_CONVERSION = YES;
				CLANG_WARN_DEPRECATED_OBJC_IMPLEMENTATIONS = YES;
				CLANG_WARN_DIRECT_OBJC_ISA_USAGE = YES_ERROR;
				CLANG_WARN_DOCUMENTATION_COMMENTS = YES;
				CLANG_WARN_EMPTY_BODY = YES;
				CLANG_WARN_ENUM_CONVERSION = YES;
				CLANG_WARN_INFINITE_RECURSION = YES;
				CLANG_WARN_INT_CONVERSION = YES;
				CLANG_WARN_NON_LITERAL_NULL_CONVERSION = YES;
				CLANG_WARN_OBJC_IMPLICIT_RETAIN_SELF = YES;
				CLANG_WARN_OBJC_LITERAL_CONVERSION = YES;
				CLANG_WARN_OBJC_ROOT_CLASS = YES_ERROR;
				CLANG_WARN_QUOTED_INCLUDE_IN_FRAMEWORK_HEADER = YES;
				CLANG_WARN_RANGE_LOOP_ANALYSIS = YES;
				CLANG_WARN_STRICT_PROTOTYPES = YES;
				CLANG_WARN_SUSPICIOUS_MOVE = YES;
				CLANG_WARN_UNGUARDED_AVAILABILITY = YES_AGGRESSIVE;
				CLANG_WARN_UNREACHABLE_CODE = YES;
				CLANG_WARN__DUPLICATE_METHOD_MATCH = YES;
				COPY_PHASE_STRIP = NO;
				DEBUG_INFORMATION_FORMAT = "dwarf-with-dsym";
				ENABLE_NS_ASSERTIONS = NO;
				ENABLE_STRICT_OBJC_MSGSEND = YES;
				GCC_C_LANGUAGE_STANDARD = gnu11;
				GCC_NO_COMMON_BLOCKS = YES;
				GCC_WARN_64_TO_32_BIT_CONVERSION = YES;
				GCC_WARN_ABOUT_RETURN_TYPE = YES_ERROR;
				GCC_WARN_UNDECLARED_SELECTOR = YES;
				GCC_WARN_UNINITIALIZED_AUTOS = YES_AGGRESSIVE;
				GCC_WARN_UNUSED_FUNCTION = YES;
				GCC_WARN_UNUSED_VARIABLE = YES;
				IPHONEOS_DEPLOYMENT_TARGET = 14.4;
				MTL_ENABLE_DEBUG_INFO = NO;
				MTL_FAST_MATH = YES;
				SDKROOT = iphoneos;
				SWIFT_COMPILATION_MODE = wholemodule;
				SWIFT_OPTIMIZATION_LEVEL = "-O";
				VALIDATE_PRODUCT = YES;
			};
			name = Release;
		};
		01CAABD7260BD6FA00F44E79 /* Debug */ = {
			isa = XCBuildConfiguration;
			buildSettings = {
				ASSETCATALOG_COMPILER_APPICON_NAME = AppIcon;
				ASSETCATALOG_COMPILER_GLOBAL_ACCENT_COLOR_NAME = AccentColor;
				CODE_SIGN_STYLE = Automatic;
				DEVELOPMENT_TEAM = V8A28FT67G;
				INFOPLIST_FILE = StockMarket/Info.plist;
				LD_RUNPATH_SEARCH_PATHS = (
					"$(inherited)",
					"@executable_path/Frameworks",
				);
				PRODUCT_BUNDLE_IDENTIFIER = "com.gmail-shevzoom.StockMarket";
				PRODUCT_NAME = "$(TARGET_NAME)";
				SWIFT_VERSION = 5.0;
				TARGETED_DEVICE_FAMILY = "1,2";
			};
			name = Debug;
		};
		01CAABD8260BD6FA00F44E79 /* Release */ = {
			isa = XCBuildConfiguration;
			buildSettings = {
				ASSETCATALOG_COMPILER_APPICON_NAME = AppIcon;
				ASSETCATALOG_COMPILER_GLOBAL_ACCENT_COLOR_NAME = AccentColor;
				CODE_SIGN_STYLE = Automatic;
				DEVELOPMENT_TEAM = V8A28FT67G;
				INFOPLIST_FILE = StockMarket/Info.plist;
				LD_RUNPATH_SEARCH_PATHS = (
					"$(inherited)",
					"@executable_path/Frameworks",
				);
				PRODUCT_BUNDLE_IDENTIFIER = "com.gmail-shevzoom.StockMarket";
				PRODUCT_NAME = "$(TARGET_NAME)";
				SWIFT_VERSION = 5.0;
				TARGETED_DEVICE_FAMILY = "1,2";
			};
			name = Release;
		};
/* End XCBuildConfiguration section */

/* Begin XCConfigurationList section */
		01CAABBD260BD6F800F44E79 /* Build configuration list for PBXProject "StockMarket" */ = {
			isa = XCConfigurationList;
			buildConfigurations = (
				01CAABD4260BD6FA00F44E79 /* Debug */,
				01CAABD5260BD6FA00F44E79 /* Release */,
			);
			defaultConfigurationIsVisible = 0;
			defaultConfigurationName = Release;
		};
		01CAABD6260BD6FA00F44E79 /* Build configuration list for PBXNativeTarget "StockMarket" */ = {
			isa = XCConfigurationList;
			buildConfigurations = (
				01CAABD7260BD6FA00F44E79 /* Debug */,
				01CAABD8260BD6FA00F44E79 /* Release */,
			);
			defaultConfigurationIsVisible = 0;
			defaultConfigurationName = Release;
		};
/* End XCConfigurationList section */
	};
	rootObject = 01CAABBA260BD6F800F44E79 /* Project object */;
}
